
Microsoft Visual Studio Solution File, Format Version 12.00
# Visual Studio Version 17
VisualStudioVersion = 17.11.35303.130
MinimumVisualStudioVersion = 10.0.40219.1
Project("{FAE04EC0-301F-11D3-BF4B-00C04F79EFBC}") = "Assisgment4", "Assisgment4.csproj", "{620F48C2-FBC7-489B-8BD9-4A3C3D889E68}"
EndProject
Global
	GlobalSection(SolutionConfigurationPlatforms) = preSolution
		Debug|Any CPU = Debug|Any CPU
		Release|Any CPU = Release|Any CPU
	EndGlobalSection
	GlobalSection(ProjectConfigurationPlatforms) = postSolution
		{620F48C2-FBC7-489B-8BD9-4A3C3D889E68}.Debug|Any CPU.ActiveCfg = Debug|Any CPU
		{620F48C2-FBC7-489B-8BD9-4A3C3D889E68}.Debug|Any CPU.Build.0 = Debug|Any CPU
		{620F48C2-FBC7-489B-8BD9-4A3C3D889E68}.Release|Any CPU.ActiveCfg = Release|Any CPU
		{620F48C2-FBC7-489B-8BD9-4A3C3D889E68}.Release|Any CPU.Build.0 = Release|Any CPU
	EndGlobalSection
	GlobalSection(SolutionProperties) = preSolution
		HideSolutionNode = FALSE
	EndGlobalSection
	GlobalSection(ExtensibilityGlobals) = postSolution
		SolutionGuid = {977D96E8-76D9-4F6B-BEF8-4C22A35B1DB6}
	EndGlobalSection
EndGlobal
